{
    "_meta": {
        "hash": {
            "sha256": "e714f407cf67750809636f24f70da773f880e618587ba4e4425f9cff24eab9f3"
        },
        "pipfile-spec": 6,
        "requires": {
            "python_version": "3.9"
        },
        "sources": [
            {
                "name": "pypi",
                "url": "https://pypi.org/simple",
                "verify_ssl": true
            }
        ]
    },
    "default": {
        "boto3": {
            "hashes": [
                "sha256:2219f1ebe88d266afa5516f993983eba8742b957fa4fd6854f3c73aa3030e931",
                "sha256:c0d51f344b71656c2d395d2168600d91bea252a64fb5d503a955ea96426cde8b"
            ],
            "index": "pypi",
            "version": "==1.17.20"
        },
        "botocore": {
            "hashes": [
                "sha256:7f54fa67b45cf767e1e4045741674cfdc47a3f424fe6f37570ae3ff1ca1e1e2a",
                "sha256:d8992096d9c04e7be331924a59677e591cce6a3c6bd3a4c8fe26b00700d5255a"
            ],
            "version": "==1.20.85"
        },
        "jmespath": {
            "hashes": [
                "sha256:b85d0567b8666149a93172712e68920734333c0ce7e89b78b3e987f71e5ed4f9",
                "sha256:cdf6525904cc597730141d61b36f2e4b8ecc257c420fa2f4549bac2c2d0cb72f"
            ],
            "version": "==0.10.0"
        },
        "jq": {
            "hashes": [
                "sha256:037a787ebb9c54cbb72623644566127eddca0147cb05c6ee08ed3e0e453b8864",
                "sha256:0619bda153ba8e2e6dbb4c903254177505b9d3eb4698e300f2853acaac344a82",
                "sha256:0835a1c61dd30f7e90c97bab12ec4be03635b59367151157edfd178da057acf0",
                "sha256:0986754c900afd0e18c039e5844b92446ed48052885d2983fc1d11f748221527",
                "sha256:09e235c5d17d9cd8b19aa81da2e01cb2c30c700ff55ae43e72e609504bfbffff",
                "sha256:16c940382719a3402b9f18927c84be0300686398a633fe67b40990ed4f468dbb",
                "sha256:189eaccad7f9fa24ae54a466de7e5a697502d3d1e62086deeeda55c7d6e269a4",
                "sha256:1b20372020c3f54ebdf6758bc536df8fb459041a65b9a1c31e1d22ee36f18106",
                "sha256:1d3801b89e9102ee2d97ce2e98e175e2b1c555e7b14faea87faadf936e640973",
                "sha256:1e3a635135a69b4ac3b872da6365a43dd239a874a4c8286ccd5ee98d25ba3777",
                "sha256:2656c8483b17dcb41d4dd2fbfeef7e8cbb3df9faa6256f38c1552f19d929cc1d",
                "sha256:265fd43f5ae91ca342edaf33da09d37057229679040233d0f1b6ef101b937b16",
                "sha256:27eee5fb0b3f180f39960bdd8d8563141caa454b9c6fc5c04c1dc1a6ea5ccfeb",
                "sha256:28565916cf2001a363f41981de1dd0729b23332df9f3d7e5b50a8b9735ee7fd0",
                "sha256:2a6dabf4e90765f470b17b746c86d6864ff4f6f2bc76b941315b66499f5ef1d2",
                "sha256:30d0c0593f01e97a15218323936144e6fc564fe21c1314844a633c4b04c4753d",
                "sha256:31555b7db049134774de95e429b90b23469802af88bcd9d28bd03e95d7902f1a",
                "sha256:3b8f7e765e46a42df93bea3b95c38f17eeba6744f78cb503bc551f5aabaee1e3",
                "sha256:47d81d79d4dde10c5e3e5bc1cc68769f71cd1a46d07612e9ec17953423ac77a8",
                "sha256:52a9a5d1db62442ca4ef0d0655b17698b58caf02531c77a27a1a91e4bfef5094",
                "sha256:5553d4f51f28fe4be463ce78ecbd3546ba100715baaa6194ae04a5f94aa22844",
                "sha256:573e45773ff17438105bb2c0f264290c712838bae68c9468d979a261e102d9be",
                "sha256:6b709a76d42033ede948c1e0322dde6e876e8613fd2a9a9ca02ac2fdccf6c1d3",
                "sha256:7188814b485dce586ea435e5b24f75977598267800485c0c70940428b5b753a5",
                "sha256:77e747c6ad10ce65479f5f9064ab036483bf307bf71fdd7d6235ef895fcc506e",
                "sha256:79af00d1158324fb005abc5ff72df8343d152c782c7a27bd4b4b09ba05cdcd58",
                "sha256:7e976797e3c977a3c2b695aea640b8548a702989212ac1e5b08677a4cd4932d0",
                "sha256:825d5a1ee80923a15ca35c84e91ee27ea2ab0d5155eaea6e93f7c9943b126e27",
                "sha256:8fc766f4aecf3f65beffaf88d3721a5ad0117d719adcde142ea56ae93cd8f3f3",
                "sha256:93fddfa1750499840fc6b14f9ae48243fc28827845ae667259b7fd0f0296eab1",
                "sha256:a0ee347ed72472a03bb3731686a86d5e6ab4999cefc55f69046ef9e352b754d4",
                "sha256:b24d6dfc42a6c58debd85303b2cbb778da02d7564dc9364488eff3fac047d9bb",
                "sha256:b32ee82ca68b2775a9de70f64a95f513e27b52c540fccf57d163cba7f287c8da",
                "sha256:b44b536296831f7d8c40ad24c53104e9f18b54907810753e38032a837035b69e",
                "sha256:b5d84542402397f4f6ca9d0d2ef5bd4b22706aeb2a683647bdba495591f299a6",
                "sha256:bb252829ecc95159a413212023aed74b88096aa0b7fc8331886077dc1fbacfa2",
                "sha256:c075fc02fabe70f395ef7d156c712e2d619970735706de79c8432d573e242ea3",
                "sha256:c4bce315e05518d39961c11d54d1f694ee83bbeff9fa6cf724835729d817e5a0",
                "sha256:ccf2356c5da3f7fff9caec515ab5cf117dd1b56502e844fbdf9fcac583531556",
                "sha256:d4798c4633ae400bbb65bcc116a0064764855fefdf4ee8f8b6407041114ef1e3",
                "sha256:d81443acb22cbf958011734f56816c2df8166bfed2b02035adf37bcfd0bbce2c",
                "sha256:e84127ef60d2f0c779c63d5707c8d05e84db8b5076109c252899a8ecdac1c63e",
                "sha256:f90818aac65d91506656d2313cbc03181d7c44f9ee446ac2153b046755d82265",
                "sha256:ff825949c9505a998a9a98b63658c8ed53dfdb095fe5cc62538ef77cb71121d4"
            ],
            "index": "pypi",
            "version": "==1.1.2"
        },
        "python-dateutil": {
            "hashes": [
                "sha256:73ebfe9dbf22e832286dafa60473e4cd239f8592f699aa5adaf10050e6e1823c",
                "sha256:75bb3f31ea686f1197762692a9ee6a7550b59fc6ca3a1f4b5d7e32fb98e2da2a"
            ],
            "version": "==2.8.1"
        },
        "pytz": {
            "hashes": [
                "sha256:83a4a90894bf38e243cf052c8b58f381bfe9a7a483f6a9cab140bc7f702ac4da",
                "sha256:eb10ce3e7736052ed3623d49975ce333bcd712c7bb19a58b9e2089d4057d0798"
            ],
            "index": "pypi",
            "version": "==2021.1"
        },
        "s3transfer": {
            "hashes": [
                "sha256:35627b86af8ff97e7ac27975fe0a98a312814b46c6333d8a6b889627bcd80994",
                "sha256:efa5bd92a897b6a8d5c1383828dca3d52d0790e0756d49740563a3fb6ed03246"
            ],
            "version": "==0.3.7"
        },
        "six": {
            "hashes": [
                "sha256:1e61c37477a1626458e36f7b1d82aa5c9b094fa4802892072e49de9c60c4c926",
                "sha256:8abb2f1d86890a2dfb989f9a77cfcfd3e47c2a354b01111771326f8aa26e0254"
            ],
            "version": "==1.16.0"
        },
        "tabulate": {
            "hashes": [
                "sha256:d7c013fe7abbc5e491394e10fa845f8f32fe54f8dc60c6622c6cf482d25d47e4",
                "sha256:eb1d13f25760052e8931f2ef80aaf6045a6cceb47514db8beab24cded16f13a7"
            ],
            "index": "pypi",
            "version": "==0.8.9"
        },
        "urllib3": {
            "hashes": [
                "sha256:753a0374df26658f99d826cfe40394a686d05985786d946fbe4165b5148f5a7c",
                "sha256:a7acd0977125325f516bda9735fa7142b909a8d01e8b2e4c8108d0984e6e0098"
            ],
            "index": "pypi",
            "version": "==1.26.5"
        }
    },
    "develop": {}
}
